
Microsoft Visual Studio Solution File, Format Version 12.00
# Visual Studio Version 17
VisualStudioVersion = 17.5.002.0
MinimumVisualStudioVersion = 10.0.40219.1
Project("{9A19103F-16F7-4668-BE54-9A1E7A4F7556}") = "dory", "dory.csproj", "{9DB80FAC-14D7-4E21-84D8-498766298B7F}"
EndProject
Global
	GlobalSection(SolutionConfigurationPlatforms) = preSolution
		Debug|Any CPU = Debug|Any CPU
		Release|Any CPU = Release|Any CPU
	EndGlobalSection
	GlobalSection(ProjectConfigurationPlatforms) = postSolution
		{9DB80FAC-14D7-4E21-84D8-498766298B7F}.Debug|Any CPU.ActiveCfg = Debug|Any CPU
		{9DB80FAC-14D7-4E21-84D8-498766298B7F}.Debug|Any CPU.Build.0 = Debug|Any CPU
		{9DB80FAC-14D7-4E21-84D8-498766298B7F}.Release|Any CPU.ActiveCfg = Release|Any CPU
		{9DB80FAC-14D7-4E21-84D8-498766298B7F}.Release|Any CPU.Build.0 = Release|Any CPU
	EndGlobalSection
	GlobalSection(SolutionProperties) = preSolution
		HideSolutionNode = FALSE
	EndGlobalSection
	GlobalSection(ExtensibilityGlobals) = postSolution
		SolutionGuid = {AFEF2AE8-B923-4517-A6F2-A71C51DDE7A2}
	EndGlobalSection
EndGlobal
